
Microsoft Visual Studio Solution File, Format Version 12.00
# Visual Studio 14
VisualStudioVersion = 14.0.25420.1
MinimumVisualStudioVersion = 10.0.40219.1
Project("{FAE04EC0-301F-11D3-BF4B-00C04F79EFBC}") = "Studio_Professional", "Studio_Professional\Studio_Professional.csproj", "{280DD687-131C-4C4F-90FC-064C9D21631F}"
EndProject
Global
	GlobalSection(SolutionConfigurationPlatforms) = preSolution
		Debug|Any CPU = Debug|Any CPU
		Debug|ARM = Debug|ARM
		Debug|x86 = Debug|x86
		Release|Any CPU = Release|Any CPU
		Release|ARM = Release|ARM
		Release|x86 = Release|x86
	EndGlobalSection
	GlobalSection(ProjectConfigurationPlatforms) = postSolution
		{280DD687-131C-4C4F-90FC-064C9D21631F}.Debug|Any CPU.ActiveCfg = Debug|Any CPU
		{280DD687-131C-4C4F-90FC-064C9D21631F}.Debug|Any CPU.Build.0 = Debug|Any CPU
		{280DD687-131C-4C4F-90FC-064C9D21631F}.Debug|Any CPU.Deploy.0 = Debug|Any CPU
		{280DD687-131C-4C4F-90FC-064C9D21631F}.Debug|ARM.ActiveCfg = Debug|ARM
		{280DD687-131C-4C4F-90FC-064C9D21631F}.Debug|ARM.Build.0 = Debug|ARM
		{280DD687-131C-4C4F-90FC-064C9D21631F}.Debug|ARM.Deploy.0 = Debug|ARM
		{280DD687-131C-4C4F-90FC-064C9D21631F}.Debug|x86.ActiveCfg = Debug|x86
		{280DD687-131C-4C4F-90FC-064C9D21631F}.Debug|x86.Build.0 = Debug|x86
		{280DD687-131C-4C4F-90FC-064C9D21631F}.Debug|x86.Deploy.0 = Debug|x86
		{280DD687-131C-4C4F-90FC-064C9D21631F}.Release|Any CPU.ActiveCfg = Release|Any CPU
		{280DD687-131C-4C4F-90FC-064C9D21631F}.Release|Any CPU.Build.0 = Release|Any CPU
		{280DD687-131C-4C4F-90FC-064C9D21631F}.Release|Any CPU.Deploy.0 = Release|Any CPU
		{280DD687-131C-4C4F-90FC-064C9D21631F}.Release|ARM.ActiveCfg = Release|ARM
		{280DD687-131C-4C4F-90FC-064C9D21631F}.Release|ARM.Build.0 = Release|ARM
		{280DD687-131C-4C4F-90FC-064C9D21631F}.Release|ARM.Deploy.0 = Release|ARM
		{280DD687-131C-4C4F-90FC-064C9D21631F}.Release|x86.ActiveCfg = Release|x86
		{280DD687-131C-4C4F-90FC-064C9D21631F}.Release|x86.Build.0 = Release|x86
		{280DD687-131C-4C4F-90FC-064C9D21631F}.Release|x86.Deploy.0 = Release|x86
	EndGlobalSection
	GlobalSection(SolutionProperties) = preSolution
		HideSolutionNode = FALSE
	EndGlobalSection
EndGlobal
